
Microsoft Visual Studio Solution File, Format Version 12.00
# Visual Studio Version 17
VisualStudioVersion = 17.10.34928.147
MinimumVisualStudioVersion = 10.0.40219.1
Project("{9A19103F-16F7-4668-BE54-9A1E7A4F7556}") = "Project.Domain", "Project.Domain\Project.Domain.csproj", "{BD1B7A89-3795-4878-94F9-22D1E167C507}"
EndProject
Project("{9A19103F-16F7-4668-BE54-9A1E7A4F7556}") = "Project.Application", "Project.Application\Project.Application.csproj", "{F23A5E6B-55A0-4C23-AFC9-6C72B87ACF79}"
EndProject
Project("{9A19103F-16F7-4668-BE54-9A1E7A4F7556}") = "Project.Infrastructure", "Project.Infrastructure\Project.Infrastructure.csproj", "{6B78E3AC-8631-4FB5-A936-B8A6865F9059}"
EndProject
Project("{FAE04EC0-301F-11D3-BF4B-00C04F79EFBC}") = "Project.WebApi", "Project.WebApi\Project.WebApi.csproj", "{A053BECC-3B73-46F9-A8AA-DFBDB14CFA51}"
EndProject
Global
	GlobalSection(SolutionConfigurationPlatforms) = preSolution
		Debug|Any CPU = Debug|Any CPU
		Release|Any CPU = Release|Any CPU
	EndGlobalSection
	GlobalSection(ProjectConfigurationPlatforms) = postSolution
		{BD1B7A89-3795-4878-94F9-22D1E167C507}.Debug|Any CPU.ActiveCfg = Debug|Any CPU
		{BD1B7A89-3795-4878-94F9-22D1E167C507}.Debug|Any CPU.Build.0 = Debug|Any CPU
		{BD1B7A89-3795-4878-94F9-22D1E167C507}.Release|Any CPU.ActiveCfg = Release|Any CPU
		{BD1B7A89-3795-4878-94F9-22D1E167C507}.Release|Any CPU.Build.0 = Release|Any CPU
		{F23A5E6B-55A0-4C23-AFC9-6C72B87ACF79}.Debug|Any CPU.ActiveCfg = Debug|Any CPU
		{F23A5E6B-55A0-4C23-AFC9-6C72B87ACF79}.Debug|Any CPU.Build.0 = Debug|Any CPU
		{F23A5E6B-55A0-4C23-AFC9-6C72B87ACF79}.Release|Any CPU.ActiveCfg = Release|Any CPU
		{F23A5E6B-55A0-4C23-AFC9-6C72B87ACF79}.Release|Any CPU.Build.0 = Release|Any CPU
		{6B78E3AC-8631-4FB5-A936-B8A6865F9059}.Debug|Any CPU.ActiveCfg = Debug|Any CPU
		{6B78E3AC-8631-4FB5-A936-B8A6865F9059}.Debug|Any CPU.Build.0 = Debug|Any CPU
		{6B78E3AC-8631-4FB5-A936-B8A6865F9059}.Release|Any CPU.ActiveCfg = Release|Any CPU
		{6B78E3AC-8631-4FB5-A936-B8A6865F9059}.Release|Any CPU.Build.0 = Release|Any CPU
		{A053BECC-3B73-46F9-A8AA-DFBDB14CFA51}.Debug|Any CPU.ActiveCfg = Debug|Any CPU
		{A053BECC-3B73-46F9-A8AA-DFBDB14CFA51}.Debug|Any CPU.Build.0 = Debug|Any CPU
		{A053BECC-3B73-46F9-A8AA-DFBDB14CFA51}.Release|Any CPU.ActiveCfg = Release|Any CPU
		{A053BECC-3B73-46F9-A8AA-DFBDB14CFA51}.Release|Any CPU.Build.0 = Release|Any CPU
	EndGlobalSection
	GlobalSection(SolutionProperties) = preSolution
		HideSolutionNode = FALSE
	EndGlobalSection
	GlobalSection(ExtensibilityGlobals) = postSolution
		SolutionGuid = {58494910-C81D-43CA-98D4-E2AEFB370C83}
	EndGlobalSection
EndGlobal
